
Microsoft Visual Studio Solution File, Format Version 12.00
# Visual Studio Version 17
VisualStudioVersion = 17.3.32929.385
MinimumVisualStudioVersion = 10.0.40219.1
Project("{FAE04EC0-301F-11D3-BF4B-00C04F79EFBC}") = "WebApplication1", "WebApplication1\WebApplication1.csproj", "{F27FB6C0-F3BC-4340-BF04-B3F069930BEB}"
EndProject
Global
	GlobalSection(SolutionConfigurationPlatforms) = preSolution
		Debug|Any CPU = Debug|Any CPU
		Release|Any CPU = Release|Any CPU
	EndGlobalSection
	GlobalSection(ProjectConfigurationPlatforms) = postSolution
		{F27FB6C0-F3BC-4340-BF04-B3F069930BEB}.Debug|Any CPU.ActiveCfg = Debug|Any CPU
		{F27FB6C0-F3BC-4340-BF04-B3F069930BEB}.Debug|Any CPU.Build.0 = Debug|Any CPU
		{F27FB6C0-F3BC-4340-BF04-B3F069930BEB}.Release|Any CPU.ActiveCfg = Release|Any CPU
		{F27FB6C0-F3BC-4340-BF04-B3F069930BEB}.Release|Any CPU.Build.0 = Release|Any CPU
	EndGlobalSection
	GlobalSection(SolutionProperties) = preSolution
		HideSolutionNode = FALSE
	EndGlobalSection
	GlobalSection(ExtensibilityGlobals) = postSolution
		SolutionGuid = {A0D73E2D-C1DC-4EEF-9FC9-37FB0D7B8514}
	EndGlobalSection
EndGlobal
